# This file is automatically @generated by Cargo.
# It is not intended for manual editing.
version = 3

[[package]]
name = "eigen_state"
version = "0.1.0"

[[package]]
name = "line_shape"
version = "0.1.0"

[[package]]
name = "symtop_spectrum"
version = "0.1.0"
dependencies = [
 "eigen_state",
 "transition",
 "wigner_j",
]

[[package]]
name = "transition"
version = "0.1.0"
dependencies = [
 "wigner_j",
]

[[package]]
name = "wigner_j"
version = "0.1.0"
